// !$*UTF8*$!
{
	archiveVersion = 1;
	classes = {
	};
	objectVersion = 50;
	objects = {

/* Begin PBXBuildFile section */
		4627424F20A9DE3E00D14B5B /* AppDelegate.swift in Sources */ = {isa = PBXBuildFile; fileRef = 4627424E20A9DE3E00D14B5B /* AppDelegate.swift */; };
		4627425120A9DE3E00D14B5B /* ViewController.swift in Sources */ = {isa = PBXBuildFile; fileRef = 4627425020A9DE3E00D14B5B /* ViewController.swift */; };
		4627425420A9DE3E00D14B5B /* Main.storyboard in Resources */ = {isa = PBXBuildFile; fileRef = 4627425220A9DE3E00D14B5B /* Main.storyboard */; };
		4627425620A9DE3F00D14B5B /* Assets.xcassets in Resources */ = {isa = PBXBuildFile; fileRef = 4627425520A9DE3F00D14B5B /* Assets.xcassets */; };
		4627425920A9DE3F00D14B5B /* LaunchScreen.storyboard in Resources */ = {isa = PBXBuildFile; fileRef = 4627425720A9DE3F00D14B5B /* LaunchScreen.storyboard */; };
		4627426420A9DE3F00D14B5B /* BaseProject_iOSTests.swift in Sources */ = {isa = PBXBuildFile; fileRef = 4627426320A9DE3F00D14B5B /* BaseProject_iOSTests.swift */; };
		4627426F20A9DE3F00D14B5B /* BaseProject_iOSUITests.swift in Sources */ = {isa = PBXBuildFile; fileRef = 4627426E20A9DE3F00D14B5B /* BaseProject_iOSUITests.swift */; };
/* End PBXBuildFile section */

/* Begin PBXContainerItemProxy section */
		4627426020A9DE3F00D14B5B /* PBXContainerItemProxy */ = {
			isa = PBXContainerItemProxy;
			containerPortal = 4627424320A9DE3E00D14B5B /* Project object */;
			proxyType = 1;
			remoteGlobalIDString = 4627424A20A9DE3E00D14B5B;
			remoteInfo = "BaseProject-iOS";
		};
		4627426B20A9DE3F00D14B5B /* PBXContainerItemProxy */ = {
			isa = PBXContainerItemProxy;
			containerPortal = 4627424320A9DE3E00D14B5B /* Project object */;
			proxyType = 1;
			remoteGlobalIDString = 4627424A20A9DE3E00D14B5B;
			remoteInfo = "BaseProject-iOS";
		};
/* End PBXContainerItemProxy section */

/* Begin PBXFileReference section */
		4627424B20A9DE3E00D14B5B /* BaseProject-iOS.app */ = {isa = PBXFileReference; explicitFileType = wrapper.application; includeInIndex = 0; path = "BaseProject-iOS.app"; sourceTree = BUILT_PRODUCTS_DIR; };
		4627424E20A9DE3E00D14B5B /* AppDelegate.swift */ = {isa = PBXFileReference; lastKnownFileType = sourcecode.swift; path = AppDelegate.swift; sourceTree = "<group>"; };
		4627425020A9DE3E00D14B5B /* ViewController.swift */ = {isa = PBXFileReference; lastKnownFileType = sourcecode.swift; path = ViewController.swift; sourceTree = "<group>"; };
		4627425320A9DE3E00D14B5B /* Base */ = {isa = PBXFileReference; lastKnownFileType = file.storyboard; name = Base; path = Base.lproj/Main.storyboard; sourceTree = "<group>"; };
		4627425520A9DE3F00D14B5B /* Assets.xcassets */ = {isa = PBXFileReference; lastKnownFileType = folder.assetcatalog; path = Assets.xcassets; sourceTree = "<group>"; };
		4627425820A9DE3F00D14B5B /* Base */ = {isa = PBXFileReference; lastKnownFileType = file.storyboard; name = Base; path = Base.lproj/LaunchScreen.storyboard; sourceTree = "<group>"; };
		4627425A20A9DE3F00D14B5B /* Info.plist */ = {isa = PBXFileReference; lastKnownFileType = text.plist.xml; path = Info.plist; sourceTree = "<group>"; };
		4627425F20A9DE3F00D14B5B /* BaseProject-iOSTests.xctest */ = {isa = PBXFileReference; explicitFileType = wrapper.cfbundle; includeInIndex = 0; path = "BaseProject-iOSTests.xctest"; sourceTree = BUILT_PRODUCTS_DIR; };
		4627426320A9DE3F00D14B5B /* BaseProject_iOSTests.swift */ = {isa = PBXFileReference; lastKnownFileType = sourcecode.swift; path = BaseProject_iOSTests.swift; sourceTree = "<group>"; };
		4627426520A9DE3F00D14B5B /* Info.plist */ = {isa = PBXFileReference; lastKnownFileType = text.plist.xml; path = Info.plist; sourceTree = "<group>"; };
		4627426A20A9DE3F00D14B5B /* BaseProject-iOSUITests.xctest */ = {isa = PBXFileReference; explicitFileType = wrapper.cfbundle; includeInIndex = 0; path = "BaseProject-iOSUITests.xctest"; sourceTree = BUILT_PRODUCTS_DIR; };
		4627426E20A9DE3F00D14B5B /* BaseProject_iOSUITests.swift */ = {isa = PBXFileReference; lastKnownFileType = sourcecode.swift; path = BaseProject_iOSUITests.swift; sourceTree = "<group>"; };
		4627427020A9DE3F00D14B5B /* Info.plist */ = {isa = PBXFileReference; lastKnownFileType = text.plist.xml; path = Info.plist; sourceTree = "<group>"; };
/* End PBXFileReference section */

/* Begin PBXFrameworksBuildPhase section */
		4627424820A9DE3E00D14B5B /* Frameworks */ = {
			isa = PBXFrameworksBuildPhase;
			buildActionMask = 2147483647;
			files = (
			);
			runOnlyForDeploymentPostprocessing = 0;
		};
		4627425C20A9DE3F00D14B5B /* Frameworks */ = {
			isa = PBXFrameworksBuildPhase;
			buildActionMask = 2147483647;
			files = (
			);
			runOnlyForDeploymentPostprocessing = 0;
		};
		4627426720A9DE3F00D14B5B /* Frameworks */ = {
			isa = PBXFrameworksBuildPhase;
			buildActionMask = 2147483647;
			files = (
			);
			runOnlyForDeploymentPostprocessing = 0;
		};
/* End PBXFrameworksBuildPhase section */

/* Begin PBXGroup section */
		4627424220A9DE3E00D14B5B = {
			isa = PBXGroup;
			children = (
				4627424D20A9DE3E00D14B5B /* BaseProject-iOS */,
				4627426220A9DE3F00D14B5B /* BaseProject-iOSTests */,
				4627426D20A9DE3F00D14B5B /* BaseProject-iOSUITests */,
				4627424C20A9DE3E00D14B5B /* Products */,
			);
			sourceTree = "<group>";
		};
		4627424C20A9DE3E00D14B5B /* Products */ = {
			isa = PBXGroup;
			children = (
				4627424B20A9DE3E00D14B5B /* BaseProject-iOS.app */,
				4627425F20A9DE3F00D14B5B /* BaseProject-iOSTests.xctest */,
				4627426A20A9DE3F00D14B5B /* BaseProject-iOSUITests.xctest */,
			);
			name = Products;
			sourceTree = "<group>";
		};
		4627424D20A9DE3E00D14B5B /* BaseProject-iOS */ = {
			isa = PBXGroup;
			children = (
				4627424E20A9DE3E00D14B5B /* AppDelegate.swift */,
				4627425020A9DE3E00D14B5B /* ViewController.swift */,
				4627425220A9DE3E00D14B5B /* Main.storyboard */,
				4627425520A9DE3F00D14B5B /* Assets.xcassets */,
				4627425720A9DE3F00D14B5B /* LaunchScreen.storyboard */,
				4627425A20A9DE3F00D14B5B /* Info.plist */,
			);
			path = "BaseProject-iOS";
			sourceTree = "<group>";
		};
		4627426220A9DE3F00D14B5B /* BaseProject-iOSTests */ = {
			isa = PBXGroup;
			children = (
				4627426320A9DE3F00D14B5B /* BaseProject_iOSTests.swift */,
				4627426520A9DE3F00D14B5B /* Info.plist */,
			);
			path = "BaseProject-iOSTests";
			sourceTree = "<group>";
		};
		4627426D20A9DE3F00D14B5B /* BaseProject-iOSUITests */ = {
			isa = PBXGroup;
			children = (
				4627426E20A9DE3F00D14B5B /* BaseProject_iOSUITests.swift */,
				4627427020A9DE3F00D14B5B /* Info.plist */,
			);
			path = "BaseProject-iOSUITests";
			sourceTree = "<group>";
		};
/* End PBXGroup section */

/* Begin PBXNativeTarget section */
		4627424A20A9DE3E00D14B5B /* BaseProject-iOS */ = {
			isa = PBXNativeTarget;
			buildConfigurationList = 4627427320A9DE3F00D14B5B /* Build configuration list for PBXNativeTarget "BaseProject-iOS" */;
			buildPhases = (
				4627424720A9DE3E00D14B5B /* Sources */,
				4627424820A9DE3E00D14B5B /* Frameworks */,
				4627424920A9DE3E00D14B5B /* Resources */,
			);
			buildRules = (
			);
			dependencies = (
			);
			name = "BaseProject-iOS";
			productName = "BaseProject-iOS";
			productReference = 4627424B20A9DE3E00D14B5B /* BaseProject-iOS.app */;
			productType = "com.apple.product-type.application";
		};
		4627425E20A9DE3F00D14B5B /* BaseProject-iOSTests */ = {
			isa = PBXNativeTarget;
			buildConfigurationList = 4627427620A9DE3F00D14B5B /* Build configuration list for PBXNativeTarget "BaseProject-iOSTests" */;
			buildPhases = (
				4627425B20A9DE3F00D14B5B /* Sources */,
				4627425C20A9DE3F00D14B5B /* Frameworks */,
				4627425D20A9DE3F00D14B5B /* Resources */,
			);
			buildRules = (
			);
			dependencies = (
				4627426120A9DE3F00D14B5B /* PBXTargetDependency */,
			);
			name = "BaseProject-iOSTests";
			productName = "BaseProject-iOSTests";
			productReference = 4627425F20A9DE3F00D14B5B /* BaseProject-iOSTests.xctest */;
			productType = "com.apple.product-type.bundle.unit-test";
		};
		4627426920A9DE3F00D14B5B /* BaseProject-iOSUITests */ = {
			isa = PBXNativeTarget;
			buildConfigurationList = 4627427920A9DE3F00D14B5B /* Build configuration list for PBXNativeTarget "BaseProject-iOSUITests" */;
			buildPhases = (
				4627426620A9DE3F00D14B5B /* Sources */,
				4627426720A9DE3F00D14B5B /* Frameworks */,
				4627426820A9DE3F00D14B5B /* Resources */,
			);
			buildRules = (
			);
			dependencies = (
				4627426C20A9DE3F00D14B5B /* PBXTargetDependency */,
			);
			name = "BaseProject-iOSUITests";
			productName = "BaseProject-iOSUITests";
			productReference = 4627426A20A9DE3F00D14B5B /* BaseProject-iOSUITests.xctest */;
			productType = "com.apple.product-type.bundle.ui-testing";
		};
/* End PBXNativeTarget section */

/* Begin PBXProject section */
		4627424320A9DE3E00D14B5B /* Project object */ = {
			isa = PBXProject;
			attributes = {
				LastSwiftUpdateCheck = 0930;
				LastUpgradeCheck = 0930;
				ORGANIZATIONNAME = "Guillaume Jette";
				TargetAttributes = {
					4627424A20A9DE3E00D14B5B = {
						CreatedOnToolsVersion = 9.3;
					};
					4627425E20A9DE3F00D14B5B = {
						CreatedOnToolsVersion = 9.3;
						TestTargetID = 4627424A20A9DE3E00D14B5B;
					};
					4627426920A9DE3F00D14B5B = {
						CreatedOnToolsVersion = 9.3;
						TestTargetID = 4627424A20A9DE3E00D14B5B;
					};
				};
			};
			buildConfigurationList = 4627424620A9DE3E00D14B5B /* Build configuration list for PBXProject "BaseProject-iOS" */;
			compatibilityVersion = "Xcode 9.3";
			developmentRegion = en;
			hasScannedForEncodings = 0;
			knownRegions = (
				en,
				Base,
			);
			mainGroup = 4627424220A9DE3E00D14B5B;
			productRefGroup = 4627424C20A9DE3E00D14B5B /* Products */;
			projectDirPath = "";
			projectRoot = "";
			targets = (
				4627424A20A9DE3E00D14B5B /* BaseProject-iOS */,
				4627425E20A9DE3F00D14B5B /* BaseProject-iOSTests */,
				4627426920A9DE3F00D14B5B /* BaseProject-iOSUITests */,
			);
		};
/* End PBXProject section */

/* Begin PBXResourcesBuildPhase section */
		4627424920A9DE3E00D14B5B /* Resources */ = {
			isa = PBXResourcesBuildPhase;
			buildActionMask = 2147483647;
			files = (
				4627425920A9DE3F00D14B5B /* LaunchScreen.storyboard in Resources */,
				4627425620A9DE3F00D14B5B /* Assets.xcassets in Resources */,
				4627425420A9DE3E00D14B5B /* Main.storyboard in Resources */,
			);
			runOnlyForDeploymentPostprocessing = 0;
		};
		4627425D20A9DE3F00D14B5B /* Resources */ = {
			isa = PBXResourcesBuildPhase;
			buildActionMask = 2147483647;
			files = (
			);
			runOnlyForDeploymentPostprocessing = 0;
		};
		4627426820A9DE3F00D14B5B /* Resources */ = {
			isa = PBXResourcesBuildPhase;
			buildActionMask = 2147483647;
			files = (
			);
			runOnlyForDeploymentPostprocessing = 0;
		};
/* End PBXResourcesBuildPhase section */

/* Begin PBXSourcesBuildPhase section */
		4627424720A9DE3E00D14B5B /* Sources */ = {
			isa = PBXSourcesBuildPhase;
			buildActionMask = 2147483647;
			files = (
				4627425120A9DE3E00D14B5B /* ViewController.swift in Sources */,
				4627424F20A9DE3E00D14B5B /* AppDelegate.swift in Sources */,
			);
			runOnlyForDeploymentPostprocessing = 0;
		};
		4627425B20A9DE3F00D14B5B /* Sources */ = {
			isa = PBXSourcesBuildPhase;
			buildActionMask = 2147483647;
			files = (
				4627426420A9DE3F00D14B5B /* BaseProject_iOSTests.swift in Sources */,
			);
			runOnlyForDeploymentPostprocessing = 0;
		};
		4627426620A9DE3F00D14B5B /* Sources */ = {
			isa = PBXSourcesBuildPhase;
			buildActionMask = 2147483647;
			files = (
				4627426F20A9DE3F00D14B5B /* BaseProject_iOSUITests.swift in Sources */,
			);
			runOnlyForDeploymentPostprocessing = 0;
		};
/* End PBXSourcesBuildPhase section */

/* Begin PBXTargetDependency section */
		4627426120A9DE3F00D14B5B /* PBXTargetDependency */ = {
			isa = PBXTargetDependency;
			target = 4627424A20A9DE3E00D14B5B /* BaseProject-iOS */;
			targetProxy = 4627426020A9DE3F00D14B5B /* PBXContainerItemProxy */;
		};
		4627426C20A9DE3F00D14B5B /* PBXTargetDependency */ = {
			isa = PBXTargetDependency;
			target = 4627424A20A9DE3E00D14B5B /* BaseProject-iOS */;
			targetProxy = 4627426B20A9DE3F00D14B5B /* PBXContainerItemProxy */;
		};
/* End PBXTargetDependency section */

/* Begin PBXVariantGroup section */
		4627425220A9DE3E00D14B5B /* Main.storyboard */ = {
			isa = PBXVariantGroup;
			children = (
				4627425320A9DE3E00D14B5B /* Base */,
			);
			name = Main.storyboard;
			sourceTree = "<group>";
		};
		4627425720A9DE3F00D14B5B /* LaunchScreen.storyboard */ = {
			isa = PBXVariantGroup;
			children = (
				4627425820A9DE3F00D14B5B /* Base */,
			);
			name = LaunchScreen.storyboard;
			sourceTree = "<group>";
		};
/* End PBXVariantGroup section */

/* Begin XCBuildConfiguration section */
		4627427120A9DE3F00D14B5B /* Debug */ = {
			isa = XCBuildConfiguration;
			buildSettings = {
				ALWAYS_SEARCH_USER_PATHS = NO;
				CLANG_ANALYZER_NONNULL = YES;
				CLANG_ANALYZER_NUMBER_OBJECT_CONVERSION = YES_AGGRESSIVE;
				CLANG_CXX_LANGUAGE_STANDARD = "gnu++14";
				CLANG_CXX_LIBRARY = "libc++";
				CLANG_ENABLE_MODULES = YES;
				CLANG_ENABLE_OBJC_ARC = YES;
				CLANG_ENABLE_OBJC_WEAK = YES;
				CLANG_WARN_BLOCK_CAPTURE_AUTORELEASING = YES;
				CLANG_WARN_BOOL_CONVERSION = YES;
				CLANG_WARN_COMMA = YES;
				CLANG_WARN_CONSTANT_CONVERSION = YES;
				CLANG_WARN_DEPRECATED_OBJC_IMPLEMENTATIONS = YES;
				CLANG_WARN_DIRECT_OBJC_ISA_USAGE = YES_ERROR;
				CLANG_WARN_DOCUMENTATION_COMMENTS = YES;
				CLANG_WARN_EMPTY_BODY = YES;
				CLANG_WARN_ENUM_CONVERSION = YES;
				CLANG_WARN_INFINITE_RECURSION = YES;
				CLANG_WARN_INT_CONVERSION = YES;
				CLANG_WARN_NON_LITERAL_NULL_CONVERSION = YES;
				CLANG_WARN_OBJC_IMPLICIT_RETAIN_SELF = YES;
				CLANG_WARN_OBJC_LITERAL_CONVERSION = YES;
				CLANG_WARN_OBJC_ROOT_CLASS = YES_ERROR;
				CLANG_WARN_RANGE_LOOP_ANALYSIS = YES;
				CLANG_WARN_STRICT_PROTOTYPES = YES;
				CLANG_WARN_SUSPICIOUS_MOVE = YES;
				CLANG_WARN_UNGUARDED_AVAILABILITY = YES_AGGRESSIVE;
				CLANG_WARN_UNREACHABLE_CODE = YES;
				CLANG_WARN__DUPLICATE_METHOD_MATCH = YES;
				CODE_SIGN_IDENTITY = "iPhone Developer";
				COPY_PHASE_STRIP = NO;
				DEBUG_INFORMATION_FORMAT = dwarf;
				ENABLE_STRICT_OBJC_MSGSEND = YES;
				ENABLE_TESTABILITY = YES;
				GCC_C_LANGUAGE_STANDARD = gnu11;
				GCC_DYNAMIC_NO_PIC = NO;
				GCC_NO_COMMON_BLOCKS = YES;
				GCC_OPTIMIZATION_LEVEL = 0;
				GCC_PREPROCESSOR_DEFINITIONS = (
					"DEBUG=1",
					"$(inherited)",
				);
				GCC_WARN_64_TO_32_BIT_CONVERSION = YES;
				GCC_WARN_ABOUT_RETURN_TYPE = YES_ERROR;
				GCC_WARN_UNDECLARED_SELECTOR = YES;
				GCC_WARN_UNINITIALIZED_AUTOS = YES_AGGRESSIVE;
				GCC_WARN_UNUSED_FUNCTION = YES;
				GCC_WARN_UNUSED_VARIABLE = YES;
				IPHONEOS_DEPLOYMENT_TARGET = 11.3;
				MTL_ENABLE_DEBUG_INFO = YES;
				ONLY_ACTIVE_ARCH = YES;
				SDKROOT = iphoneos;
				SWIFT_ACTIVE_COMPILATION_CONDITIONS = DEBUG;
				SWIFT_OPTIMIZATION_LEVEL = "-Onone";
			};
			name = Debug;
		};
		4627427220A9DE3F00D14B5B /* Release */ = {
			isa = XCBuildConfiguration;
			buildSettings = {
				ALWAYS_SEARCH_USER_PATHS = NO;
				CLANG_ANALYZER_NONNULL = YES;
				CLANG_ANALYZER_NUMBER_OBJECT_CONVERSION = YES_AGGRESSIVE;
				CLANG_CXX_LANGUAGE_STANDARD = "gnu++14";
				CLANG_CXX_LIBRARY = "libc++";
				CLANG_ENABLE_MODULES = YES;
				CLANG_ENABLE_OBJC_ARC = YES;
				CLANG_ENABLE_OBJC_WEAK = YES;
				CLANG_WARN_BLOCK_CAPTURE_AUTORELEASING = YES;
				CLANG_WARN_BOOL_CONVERSION = YES;
				CLANG_WARN_COMMA = YES;
				CLANG_WARN_CONSTANT_CONVERSION = YES;
				CLANG_WARN_DEPRECATED_OBJC_IMPLEMENTATIONS = YES;
				CLANG_WARN_DIRECT_OBJC_ISA_USAGE = YES_ERROR;
				CLANG_WARN_DOCUMENTATION_COMMENTS = YES;
				CLANG_WARN_EMPTY_BODY = YES;
				CLANG_WARN_ENUM_CONVERSION = YES;
				CLANG_WARN_INFINITE_RECURSION = YES;
				CLANG_WARN_INT_CONVERSION = YES;
				CLANG_WARN_NON_LITERAL_NULL_CONVERSION = YES;
				CLANG_WARN_OBJC_IMPLICIT_RETAIN_SELF = YES;
				CLANG_WARN_OBJC_LITERAL_CONVERSION = YES;
				CLANG_WARN_OBJC_ROOT_CLASS = YES_ERROR;
				CLANG_WARN_RANGE_LOOP_ANALYSIS = YES;
				CLANG_WARN_STRICT_PROTOTYPES = YES;
				CLANG_WARN_SUSPICIOUS_MOVE = YES;
				CLANG_WARN_UNGUARDED_AVAILABILITY = YES_AGGRESSIVE;
				CLANG_WARN_UNREACHABLE_CODE = YES;
				CLANG_WARN__DUPLICATE_METHOD_MATCH = YES;
				CODE_SIGN_IDENTITY = "iPhone Developer";
				COPY_PHASE_STRIP = NO;
				DEBUG_INFORMATION_FORMAT = "dwarf-with-dsym";
				ENABLE_NS_ASSERTIONS = NO;
				ENABLE_STRICT_OBJC_MSGSEND = YES;
				GCC_C_LANGUAGE_STANDARD = gnu11;
				GCC_NO_COMMON_BLOCKS = YES;
				GCC_WARN_64_TO_32_BIT_CONVERSION = YES;
				GCC_WARN_ABOUT_RETURN_TYPE = YES_ERROR;
				GCC_WARN_UNDECLARED_SELECTOR = YES;
				GCC_WARN_UNINITIALIZED_AUTOS = YES_AGGRESSIVE;
				GCC_WARN_UNUSED_FUNCTION = YES;
				GCC_WARN_UNUSED_VARIABLE = YES;
				IPHONEOS_DEPLOYMENT_TARGET = 11.3;
				MTL_ENABLE_DEBUG_INFO = NO;
				SDKROOT = iphoneos;
				SWIFT_COMPILATION_MODE = wholemodule;
				SWIFT_OPTIMIZATION_LEVEL = "-O";
				VALIDATE_PRODUCT = YES;
			};
			name = Release;
		};
		4627427420A9DE3F00D14B5B /* Debug */ = {
			isa = XCBuildConfiguration;
			buildSettings = {
				ASSETCATALOG_COMPILER_APPICON_NAME = AppIcon;
				CODE_SIGN_STYLE = Automatic;
				DEVELOPMENT_TEAM = ZS22ZRK6AQ;
				INFOPLIST_FILE = "BaseProject-iOS/Info.plist";
				LD_RUNPATH_SEARCH_PATHS = (
					"$(inherited)",
					"@executable_path/Frameworks",
				);
				PRODUCT_BUNDLE_IDENTIFIER = "Guillaume-Jette.BaseProject-iOS";
				PRODUCT_NAME = "$(TARGET_NAME)";
				SWIFT_VERSION = 4.0;
				TARGETED_DEVICE_FAMILY = "1,2";
			};
			name = Debug;
		};
		4627427520A9DE3F00D14B5B /* Release */ = {
			isa = XCBuildConfiguration;
			buildSettings = {
				ASSETCATALOG_COMPILER_APPICON_NAME = AppIcon;
				CODE_SIGN_STYLE = Automatic;
				DEVELOPMENT_TEAM = ZS22ZRK6AQ;
				INFOPLIST_FILE = "BaseProject-iOS/Info.plist";
				LD_RUNPATH_SEARCH_PATHS = (
					"$(inherited)",
					"@executable_path/Frameworks",
				);
				PRODUCT_BUNDLE_IDENTIFIER = "Guillaume-Jette.BaseProject-iOS";
				PRODUCT_NAME = "$(TARGET_NAME)";
				SWIFT_VERSION = 4.0;
				TARGETED_DEVICE_FAMILY = "1,2";
			};
			name = Release;
		};
		4627427720A9DE3F00D14B5B /* Debug */ = {
			isa = XCBuildConfiguration;
			buildSettings = {
				ALWAYS_EMBED_SWIFT_STANDARD_LIBRARIES = YES;
				BUNDLE_LOADER = "$(TEST_HOST)";
				CODE_SIGN_STYLE = Automatic;
				DEVELOPMENT_TEAM = ZS22ZRK6AQ;
				INFOPLIST_FILE = "BaseProject-iOSTests/Info.plist";
				LD_RUNPATH_SEARCH_PATHS = (
					"$(inherited)",
					"@executable_path/Frameworks",
					"@loader_path/Frameworks",
				);
				PRODUCT_BUNDLE_IDENTIFIER = "Guillaume-Jette.BaseProject-iOSTests";
				PRODUCT_NAME = "$(TARGET_NAME)";
				SWIFT_VERSION = 4.0;
				TARGETED_DEVICE_FAMILY = "1,2";
				TEST_HOST = "$(BUILT_PRODUCTS_DIR)/BaseProject-iOS.app/BaseProject-iOS";
			};
			name = Debug;
		};
		4627427820A9DE3F00D14B5B /* Release */ = {
			isa = XCBuildConfiguration;
			buildSettings = {
				ALWAYS_EMBED_SWIFT_STANDARD_LIBRARIES = YES;
				BUNDLE_LOADER = "$(TEST_HOST)";
				CODE_SIGN_STYLE = Automatic;
				DEVELOPMENT_TEAM = ZS22ZRK6AQ;
				INFOPLIST_FILE = "BaseProject-iOSTests/Info.plist";
				LD_RUNPATH_SEARCH_PATHS = (
					"$(inherited)",
					"@executable_path/Frameworks",
					"@loader_path/Frameworks",
				);
				PRODUCT_BUNDLE_IDENTIFIER = "Guillaume-Jette.BaseProject-iOSTests";
				PRODUCT_NAME = "$(TARGET_NAME)";
				SWIFT_VERSION = 4.0;
				TARGETED_DEVICE_FAMILY = "1,2";
				TEST_HOST = "$(BUILT_PRODUCTS_DIR)/BaseProject-iOS.app/BaseProject-iOS";
			};
			name = Release;
		};
		4627427A20A9DE3F00D14B5B /* Debug */ = {
			isa = XCBuildConfiguration;
			buildSettings = {
				ALWAYS_EMBED_SWIFT_STANDARD_LIBRARIES = YES;
				CODE_SIGN_STYLE = Automatic;
				DEVELOPMENT_TEAM = ZS22ZRK6AQ;
				INFOPLIST_FILE = "BaseProject-iOSUITests/Info.plist";
				LD_RUNPATH_SEARCH_PATHS = (
					"$(inherited)",
					"@executable_path/Frameworks",
					"@loader_path/Frameworks",
				);
				PRODUCT_BUNDLE_IDENTIFIER = "Guillaume-Jette.BaseProject-iOSUITests";
				PRODUCT_NAME = "$(TARGET_NAME)";
				SWIFT_VERSION = 4.0;
				TARGETED_DEVICE_FAMILY = "1,2";
				TEST_TARGET_NAME = "BaseProject-iOS";
			};
			name = Debug;
		};
		4627427B20A9DE3F00D14B5B /* Release */ = {
			isa = XCBuildConfiguration;
			buildSettings = {
				ALWAYS_EMBED_SWIFT_STANDARD_LIBRARIES = YES;
				CODE_SIGN_STYLE = Automatic;
				DEVELOPMENT_TEAM = ZS22ZRK6AQ;
				INFOPLIST_FILE = "BaseProject-iOSUITests/Info.plist";
				LD_RUNPATH_SEARCH_PATHS = (
					"$(inherited)",
					"@executable_path/Frameworks",
					"@loader_path/Frameworks",
				);
				PRODUCT_BUNDLE_IDENTIFIER = "Guillaume-Jette.BaseProject-iOSUITests";
				PRODUCT_NAME = "$(TARGET_NAME)";
				SWIFT_VERSION = 4.0;
				TARGETED_DEVICE_FAMILY = "1,2";
				TEST_TARGET_NAME = "BaseProject-iOS";
			};
			name = Release;
		};
/* End XCBuildConfiguration section */

/* Begin XCConfigurationList section */
		4627424620A9DE3E00D14B5B /* Build configuration list for PBXProject "BaseProject-iOS" */ = {
			isa = XCConfigurationList;
			buildConfigurations = (
				4627427120A9DE3F00D14B5B /* Debug */,
				4627427220A9DE3F00D14B5B /* Release */,
			);
			defaultConfigurationIsVisible = 0;
			defaultConfigurationName = Release;
		};
		4627427320A9DE3F00D14B5B /* Build configuration list for PBXNativeTarget "BaseProject-iOS" */ = {
			isa = XCConfigurationList;
			buildConfigurations = (
				4627427420A9DE3F00D14B5B /* Debug */,
				4627427520A9DE3F00D14B5B /* Release */,
			);
			defaultConfigurationIsVisible = 0;
			defaultConfigurationName = Release;
		};
		4627427620A9DE3F00D14B5B /* Build configuration list for PBXNativeTarget "BaseProject-iOSTests" */ = {
			isa = XCConfigurationList;
			buildConfigurations = (
				4627427720A9DE3F00D14B5B /* Debug */,
				4627427820A9DE3F00D14B5B /* Release */,
			);
			defaultConfigurationIsVisible = 0;
			defaultConfigurationName = Release;
		};
		4627427920A9DE3F00D14B5B /* Build configuration list for PBXNativeTarget "BaseProject-iOSUITests" */ = {
			isa = XCConfigurationList;
			buildConfigurations = (
				4627427A20A9DE3F00D14B5B /* Debug */,
				4627427B20A9DE3F00D14B5B /* Release */,
			);
			defaultConfigurationIsVisible = 0;
			defaultConfigurationName = Release;
		};
/* End XCConfigurationList section */
	};
	rootObject = 4627424320A9DE3E00D14B5B /* Project object */;
}
